
Microsoft Visual Studio Solution File, Format Version 12.00
# Visual Studio Version 17
VisualStudioVersion = 17.3.32804.467
MinimumVisualStudioVersion = 10.0.40219.1
Project("{FAE04EC0-301F-11D3-BF4B-00C04F79EFBC}") = "Sparky", "Sparky\Sparky.csproj", "{AF9C1456-0B4E-4D43-9584-AD318A61931F}"
EndProject
Project("{FAE04EC0-301F-11D3-BF4B-00C04F79EFBC}") = "SparkyMSTest", "SparkyMSTest\SparkyMSTest.csproj", "{6D80D358-3536-4153-B7A0-3F97E9C5138B}"
EndProject
Project("{FAE04EC0-301F-11D3-BF4B-00C04F79EFBC}") = "SparkyNUnitTest", "SparkyNUnitTest\SparkyNUnitTest.csproj", "{976CFB8E-822F-4E36-B36A-77E91B57E39A}"
	ProjectSection(ProjectDependencies) = postProject
		{AF9C1456-0B4E-4D43-9584-AD318A61931F} = {AF9C1456-0B4E-4D43-9584-AD318A61931F}
	EndProjectSection
EndProject
Global
	GlobalSection(SolutionConfigurationPlatforms) = preSolution
		Debug|Any CPU = Debug|Any CPU
		Release|Any CPU = Release|Any CPU
	EndGlobalSection
	GlobalSection(ProjectConfigurationPlatforms) = postSolution
		{AF9C1456-0B4E-4D43-9584-AD318A61931F}.Debug|Any CPU.ActiveCfg = Debug|Any CPU
		{AF9C1456-0B4E-4D43-9584-AD318A61931F}.Debug|Any CPU.Build.0 = Debug|Any CPU
		{AF9C1456-0B4E-4D43-9584-AD318A61931F}.Release|Any CPU.ActiveCfg = Release|Any CPU
		{AF9C1456-0B4E-4D43-9584-AD318A61931F}.Release|Any CPU.Build.0 = Release|Any CPU
		{6D80D358-3536-4153-B7A0-3F97E9C5138B}.Debug|Any CPU.ActiveCfg = Debug|Any CPU
		{6D80D358-3536-4153-B7A0-3F97E9C5138B}.Debug|Any CPU.Build.0 = Debug|Any CPU
		{6D80D358-3536-4153-B7A0-3F97E9C5138B}.Release|Any CPU.ActiveCfg = Release|Any CPU
		{6D80D358-3536-4153-B7A0-3F97E9C5138B}.Release|Any CPU.Build.0 = Release|Any CPU
		{976CFB8E-822F-4E36-B36A-77E91B57E39A}.Debug|Any CPU.ActiveCfg = Debug|Any CPU
		{976CFB8E-822F-4E36-B36A-77E91B57E39A}.Debug|Any CPU.Build.0 = Debug|Any CPU
		{976CFB8E-822F-4E36-B36A-77E91B57E39A}.Release|Any CPU.ActiveCfg = Release|Any CPU
		{976CFB8E-822F-4E36-B36A-77E91B57E39A}.Release|Any CPU.Build.0 = Release|Any CPU
	EndGlobalSection
	GlobalSection(SolutionProperties) = preSolution
		HideSolutionNode = FALSE
	EndGlobalSection
	GlobalSection(ExtensibilityGlobals) = postSolution
		SolutionGuid = {AB54CC05-CE34-4A02-A120-FEE7BC5FD300}
	EndGlobalSection
EndGlobal
