
Microsoft Visual Studio Solution File, Format Version 12.00
# Visual Studio Version 17
VisualStudioVersion = 17.3.32804.467
MinimumVisualStudioVersion = 10.0.40219.1
Project("{9A19103F-16F7-4668-BE54-9A1E7A4F7556}") = "Sparky", "Sparky\Sparky.csproj", "{AF9C1456-0B4E-4D43-9584-AD318A61931F}"
EndProject
Project("{9A19103F-16F7-4668-BE54-9A1E7A4F7556}") = "SparkyMSTest", "SparkyMSTest\SparkyMSTest.csproj", "{6D80D358-3536-4153-B7A0-3F97E9C5138B}"
EndProject
Project("{9A19103F-16F7-4668-BE54-9A1E7A4F7556}") = "SparkyNUnitTest", "SparkyNUnitTest\SparkyNUnitTest.csproj", "{976CFB8E-822F-4E36-B36A-77E91B57E39A}"
	ProjectSection(ProjectDependencies) = postProject
		{AF9C1456-0B4E-4D43-9584-AD318A61931F} = {AF9C1456-0B4E-4D43-9584-AD318A61931F}
	EndProjectSection
EndProject
Project("{FAE04EC0-301F-11D3-BF4B-00C04F79EFBC}") = "SparkyXUnitTest", "SparkyXUnitTest\SparkyXUnitTest.csproj", "{C5543011-0A9A-4FF2-A0B9-A6EB3098E5E0}"
EndProject
Project("{2150E333-8FDC-42A3-9474-1A3956D46DE8}") = "Basic Foundation", "Basic Foundation", "{6A98EB55-35A5-4234-B165-B8AAC83460CC}"
EndProject
Project("{2150E333-8FDC-42A3-9474-1A3956D46DE8}") = "BongoWeb", "BongoWeb", "{A0BB39FA-F1A0-47CE-8AEB-E32CF7807522}"
EndProject
Project("{9A19103F-16F7-4668-BE54-9A1E7A4F7556}") = "Bongo.Core", "Bongo_InitialSetup (.NET 6)\Bongo.Core\Bongo.Core.csproj", "{5A5E330C-2A95-4FB5-8DE4-19624D3DCA80}"
EndProject
Project("{9A19103F-16F7-4668-BE54-9A1E7A4F7556}") = "Bongo.DataAccess", "Bongo_InitialSetup (.NET 6)\Bongo.DataAccess\Bongo.DataAccess.csproj", "{2C3D0EF4-5744-43D5-A8B6-EDB9D76C692B}"
EndProject
Project("{9A19103F-16F7-4668-BE54-9A1E7A4F7556}") = "Bongo.Models", "Bongo_InitialSetup (.NET 6)\Bongo.Models\Bongo.Models.csproj", "{54868E01-F343-4B46-9AAD-A39BF8DFF8F2}"
EndProject
Project("{9A19103F-16F7-4668-BE54-9A1E7A4F7556}") = "Bongo.Web", "Bongo_InitialSetup (.NET 6)\Bongo.Web\Bongo.Web.csproj", "{E4D6E573-3E0F-4A4A-B412-B25370891520}"
EndProject
Project("{FAE04EC0-301F-11D3-BF4B-00C04F79EFBC}") = "Bongo.Models.Tests", "Bongo.Models.Tests\Bongo.Models.Tests.csproj", "{310920B7-FD72-4E02-9A2C-A5A9FA7D0985}"
EndProject
Project("{FAE04EC0-301F-11D3-BF4B-00C04F79EFBC}") = "Bongo.DataAccess.Tests", "Bongo.DataAccess.Tests\Bongo.DataAccess.Tests.csproj", "{D07CF767-C480-4100-A76C-47A74D6DC280}"
EndProject
Project("{FAE04EC0-301F-11D3-BF4B-00C04F79EFBC}") = "Bongo.Core.Tests", "Bongo.Core.Tests\Bongo.Core.Tests.csproj", "{4E0F0BFA-63AB-49DF-A9B3-2FC2848880FC}"
EndProject
Project("{FAE04EC0-301F-11D3-BF4B-00C04F79EFBC}") = "Bongo.Web.Tests", "Bongo.Web.Tests\Bongo.Web.Tests.csproj", "{A99B947F-67C9-4D8A-A3EB-265430C2372E}"
EndProject
Global
	GlobalSection(SolutionConfigurationPlatforms) = preSolution
		Debug|Any CPU = Debug|Any CPU
		Release|Any CPU = Release|Any CPU
	EndGlobalSection
	GlobalSection(ProjectConfigurationPlatforms) = postSolution
		{AF9C1456-0B4E-4D43-9584-AD318A61931F}.Debug|Any CPU.ActiveCfg = Debug|Any CPU
		{AF9C1456-0B4E-4D43-9584-AD318A61931F}.Debug|Any CPU.Build.0 = Debug|Any CPU
		{AF9C1456-0B4E-4D43-9584-AD318A61931F}.Release|Any CPU.ActiveCfg = Release|Any CPU
		{AF9C1456-0B4E-4D43-9584-AD318A61931F}.Release|Any CPU.Build.0 = Release|Any CPU
		{6D80D358-3536-4153-B7A0-3F97E9C5138B}.Debug|Any CPU.ActiveCfg = Debug|Any CPU
		{6D80D358-3536-4153-B7A0-3F97E9C5138B}.Debug|Any CPU.Build.0 = Debug|Any CPU
		{6D80D358-3536-4153-B7A0-3F97E9C5138B}.Release|Any CPU.ActiveCfg = Release|Any CPU
		{6D80D358-3536-4153-B7A0-3F97E9C5138B}.Release|Any CPU.Build.0 = Release|Any CPU
		{976CFB8E-822F-4E36-B36A-77E91B57E39A}.Debug|Any CPU.ActiveCfg = Debug|Any CPU
		{976CFB8E-822F-4E36-B36A-77E91B57E39A}.Debug|Any CPU.Build.0 = Debug|Any CPU
		{976CFB8E-822F-4E36-B36A-77E91B57E39A}.Release|Any CPU.ActiveCfg = Release|Any CPU
		{976CFB8E-822F-4E36-B36A-77E91B57E39A}.Release|Any CPU.Build.0 = Release|Any CPU
		{C5543011-0A9A-4FF2-A0B9-A6EB3098E5E0}.Debug|Any CPU.ActiveCfg = Debug|Any CPU
		{C5543011-0A9A-4FF2-A0B9-A6EB3098E5E0}.Debug|Any CPU.Build.0 = Debug|Any CPU
		{C5543011-0A9A-4FF2-A0B9-A6EB3098E5E0}.Release|Any CPU.ActiveCfg = Release|Any CPU
		{C5543011-0A9A-4FF2-A0B9-A6EB3098E5E0}.Release|Any CPU.Build.0 = Release|Any CPU
		{5A5E330C-2A95-4FB5-8DE4-19624D3DCA80}.Debug|Any CPU.ActiveCfg = Debug|Any CPU
		{5A5E330C-2A95-4FB5-8DE4-19624D3DCA80}.Debug|Any CPU.Build.0 = Debug|Any CPU
		{5A5E330C-2A95-4FB5-8DE4-19624D3DCA80}.Release|Any CPU.ActiveCfg = Release|Any CPU
		{5A5E330C-2A95-4FB5-8DE4-19624D3DCA80}.Release|Any CPU.Build.0 = Release|Any CPU
		{2C3D0EF4-5744-43D5-A8B6-EDB9D76C692B}.Debug|Any CPU.ActiveCfg = Debug|Any CPU
		{2C3D0EF4-5744-43D5-A8B6-EDB9D76C692B}.Debug|Any CPU.Build.0 = Debug|Any CPU
		{2C3D0EF4-5744-43D5-A8B6-EDB9D76C692B}.Release|Any CPU.ActiveCfg = Release|Any CPU
		{2C3D0EF4-5744-43D5-A8B6-EDB9D76C692B}.Release|Any CPU.Build.0 = Release|Any CPU
		{54868E01-F343-4B46-9AAD-A39BF8DFF8F2}.Debug|Any CPU.ActiveCfg = Debug|Any CPU
		{54868E01-F343-4B46-9AAD-A39BF8DFF8F2}.Debug|Any CPU.Build.0 = Debug|Any CPU
		{54868E01-F343-4B46-9AAD-A39BF8DFF8F2}.Release|Any CPU.ActiveCfg = Release|Any CPU
		{54868E01-F343-4B46-9AAD-A39BF8DFF8F2}.Release|Any CPU.Build.0 = Release|Any CPU
		{E4D6E573-3E0F-4A4A-B412-B25370891520}.Debug|Any CPU.ActiveCfg = Debug|Any CPU
		{E4D6E573-3E0F-4A4A-B412-B25370891520}.Debug|Any CPU.Build.0 = Debug|Any CPU
		{E4D6E573-3E0F-4A4A-B412-B25370891520}.Release|Any CPU.ActiveCfg = Release|Any CPU
		{E4D6E573-3E0F-4A4A-B412-B25370891520}.Release|Any CPU.Build.0 = Release|Any CPU
		{310920B7-FD72-4E02-9A2C-A5A9FA7D0985}.Debug|Any CPU.ActiveCfg = Debug|Any CPU
		{310920B7-FD72-4E02-9A2C-A5A9FA7D0985}.Debug|Any CPU.Build.0 = Debug|Any CPU
		{310920B7-FD72-4E02-9A2C-A5A9FA7D0985}.Release|Any CPU.ActiveCfg = Release|Any CPU
		{310920B7-FD72-4E02-9A2C-A5A9FA7D0985}.Release|Any CPU.Build.0 = Release|Any CPU
		{D07CF767-C480-4100-A76C-47A74D6DC280}.Debug|Any CPU.ActiveCfg = Debug|Any CPU
		{D07CF767-C480-4100-A76C-47A74D6DC280}.Debug|Any CPU.Build.0 = Debug|Any CPU
		{D07CF767-C480-4100-A76C-47A74D6DC280}.Release|Any CPU.ActiveCfg = Release|Any CPU
		{D07CF767-C480-4100-A76C-47A74D6DC280}.Release|Any CPU.Build.0 = Release|Any CPU
		{4E0F0BFA-63AB-49DF-A9B3-2FC2848880FC}.Debug|Any CPU.ActiveCfg = Debug|Any CPU
		{4E0F0BFA-63AB-49DF-A9B3-2FC2848880FC}.Debug|Any CPU.Build.0 = Debug|Any CPU
		{4E0F0BFA-63AB-49DF-A9B3-2FC2848880FC}.Release|Any CPU.ActiveCfg = Release|Any CPU
		{4E0F0BFA-63AB-49DF-A9B3-2FC2848880FC}.Release|Any CPU.Build.0 = Release|Any CPU
		{A99B947F-67C9-4D8A-A3EB-265430C2372E}.Debug|Any CPU.ActiveCfg = Debug|Any CPU
		{A99B947F-67C9-4D8A-A3EB-265430C2372E}.Debug|Any CPU.Build.0 = Debug|Any CPU
		{A99B947F-67C9-4D8A-A3EB-265430C2372E}.Release|Any CPU.ActiveCfg = Release|Any CPU
		{A99B947F-67C9-4D8A-A3EB-265430C2372E}.Release|Any CPU.Build.0 = Release|Any CPU
	EndGlobalSection
	GlobalSection(SolutionProperties) = preSolution
		HideSolutionNode = FALSE
	EndGlobalSection
	GlobalSection(NestedProjects) = preSolution
		{AF9C1456-0B4E-4D43-9584-AD318A61931F} = {6A98EB55-35A5-4234-B165-B8AAC83460CC}
		{6D80D358-3536-4153-B7A0-3F97E9C5138B} = {6A98EB55-35A5-4234-B165-B8AAC83460CC}
		{976CFB8E-822F-4E36-B36A-77E91B57E39A} = {6A98EB55-35A5-4234-B165-B8AAC83460CC}
		{C5543011-0A9A-4FF2-A0B9-A6EB3098E5E0} = {6A98EB55-35A5-4234-B165-B8AAC83460CC}
		{5A5E330C-2A95-4FB5-8DE4-19624D3DCA80} = {A0BB39FA-F1A0-47CE-8AEB-E32CF7807522}
		{2C3D0EF4-5744-43D5-A8B6-EDB9D76C692B} = {A0BB39FA-F1A0-47CE-8AEB-E32CF7807522}
		{54868E01-F343-4B46-9AAD-A39BF8DFF8F2} = {A0BB39FA-F1A0-47CE-8AEB-E32CF7807522}
		{E4D6E573-3E0F-4A4A-B412-B25370891520} = {A0BB39FA-F1A0-47CE-8AEB-E32CF7807522}
		{310920B7-FD72-4E02-9A2C-A5A9FA7D0985} = {A0BB39FA-F1A0-47CE-8AEB-E32CF7807522}
		{D07CF767-C480-4100-A76C-47A74D6DC280} = {A0BB39FA-F1A0-47CE-8AEB-E32CF7807522}
		{A99B947F-67C9-4D8A-A3EB-265430C2372E} = {A0BB39FA-F1A0-47CE-8AEB-E32CF7807522}
	EndGlobalSection
	GlobalSection(ExtensibilityGlobals) = postSolution
		SolutionGuid = {AB54CC05-CE34-4A02-A120-FEE7BC5FD300}
	EndGlobalSection
EndGlobal
